
Microsoft Visual Studio Solution File, Format Version 12.00
# Visual Studio Version 16
VisualStudioVersion = 16.0.28803.352
MinimumVisualStudioVersion = 10.0.40219.1
Project("{FAE04EC0-301F-11D3-BF4B-00C04F79EFBC}") = "AlgoritmosDeEscalonamento", "AlgoritmosDeEscalonamento\AlgoritmosDeEscalonamento.csproj", "{920B5D66-1DF1-4B57-BE73-D614544BE4FD}"
EndProject
Global
	GlobalSection(SolutionConfigurationPlatforms) = preSolution
		Debug|Any CPU = Debug|Any CPU
		Release|Any CPU = Release|Any CPU
	EndGlobalSection
	GlobalSection(ProjectConfigurationPlatforms) = postSolution
		{920B5D66-1DF1-4B57-BE73-D614544BE4FD}.Debug|Any CPU.ActiveCfg = Debug|Any CPU
		{920B5D66-1DF1-4B57-BE73-D614544BE4FD}.Debug|Any CPU.Build.0 = Debug|Any CPU
		{920B5D66-1DF1-4B57-BE73-D614544BE4FD}.Release|Any CPU.ActiveCfg = Release|Any CPU
		{920B5D66-1DF1-4B57-BE73-D614544BE4FD}.Release|Any CPU.Build.0 = Release|Any CPU
	EndGlobalSection
	GlobalSection(SolutionProperties) = preSolution
		HideSolutionNode = FALSE
	EndGlobalSection
	GlobalSection(ExtensibilityGlobals) = postSolution
		SolutionGuid = {008F657E-A75A-4D03-825D-874195BFCDEC}
	EndGlobalSection
EndGlobal
